
Microsoft Visual Studio Solution File, Format Version 12.00
# Visual Studio Version 16
VisualStudioVersion = 16.0.31005.135
MinimumVisualStudioVersion = 10.0.40219.1
Project("{9A19103F-16F7-4668-BE54-9A1E7A4F7556}") = "PropertyViewerControl.Demo", "PropertyViewerControl.Demo\PropertyViewerControl.Demo.csproj", "{AC91F5A0-E04A-4FAB-8AE5-EAC6274662AC}"
EndProject
Project("{9A19103F-16F7-4668-BE54-9A1E7A4F7556}") = "PropertyViewerControl", "PropertyViewerControl\PropertyViewerControl.csproj", "{3666513C-7425-4BA6-B6F9-9EE61FE95ADD}"
EndProject
Project("{9A19103F-16F7-4668-BE54-9A1E7A4F7556}") = "PVC", "PVC\PVC.csproj", "{68B35D0B-CE6C-43DC-B3BF-29815F98F9A2}"
EndProject
Project("{9A19103F-16F7-4668-BE54-9A1E7A4F7556}") = "TreeGridControl", "TreeGridControl\TreeGridControl.csproj", "{02B440B8-3B9A-41AF-93B1-4AFC09231D9A}"
EndProject
Project("{9A19103F-16F7-4668-BE54-9A1E7A4F7556}") = "TreeGridControl.Demo", "TreeGridControl.Demo\TreeGridControl.Demo.csproj", "{D609D113-B8D8-4099-A60D-B8452F5212E7}"
EndProject
Project("{FAE04EC0-301F-11D3-BF4B-00C04F79EFBC}") = "TreeGridView", "TreeGridView\TreeGridView.csproj", "{A68F12D1-EC84-434E-A4F0-9494F1A21B75}"
EndProject
Project("{FAE04EC0-301F-11D3-BF4B-00C04F79EFBC}") = "TreeGridView.Demo", "TreeGridView.Demo\TreeGridView.Demo.csproj", "{DBB6E5A0-9334-4FD9-A646-44A47A848AB7}"
EndProject
Global
	GlobalSection(SolutionConfigurationPlatforms) = preSolution
		Debug|Any CPU = Debug|Any CPU
		Release|Any CPU = Release|Any CPU
	EndGlobalSection
	GlobalSection(ProjectConfigurationPlatforms) = postSolution
		{AC91F5A0-E04A-4FAB-8AE5-EAC6274662AC}.Debug|Any CPU.ActiveCfg = Debug|Any CPU
		{AC91F5A0-E04A-4FAB-8AE5-EAC6274662AC}.Debug|Any CPU.Build.0 = Debug|Any CPU
		{AC91F5A0-E04A-4FAB-8AE5-EAC6274662AC}.Release|Any CPU.ActiveCfg = Release|Any CPU
		{AC91F5A0-E04A-4FAB-8AE5-EAC6274662AC}.Release|Any CPU.Build.0 = Release|Any CPU
		{3666513C-7425-4BA6-B6F9-9EE61FE95ADD}.Debug|Any CPU.ActiveCfg = Debug|Any CPU
		{3666513C-7425-4BA6-B6F9-9EE61FE95ADD}.Debug|Any CPU.Build.0 = Debug|Any CPU
		{3666513C-7425-4BA6-B6F9-9EE61FE95ADD}.Release|Any CPU.ActiveCfg = Release|Any CPU
		{3666513C-7425-4BA6-B6F9-9EE61FE95ADD}.Release|Any CPU.Build.0 = Release|Any CPU
		{68B35D0B-CE6C-43DC-B3BF-29815F98F9A2}.Debug|Any CPU.ActiveCfg = Debug|Any CPU
		{68B35D0B-CE6C-43DC-B3BF-29815F98F9A2}.Debug|Any CPU.Build.0 = Debug|Any CPU
		{68B35D0B-CE6C-43DC-B3BF-29815F98F9A2}.Release|Any CPU.ActiveCfg = Release|Any CPU
		{68B35D0B-CE6C-43DC-B3BF-29815F98F9A2}.Release|Any CPU.Build.0 = Release|Any CPU
		{02B440B8-3B9A-41AF-93B1-4AFC09231D9A}.Debug|Any CPU.ActiveCfg = Debug|Any CPU
		{02B440B8-3B9A-41AF-93B1-4AFC09231D9A}.Debug|Any CPU.Build.0 = Debug|Any CPU
		{02B440B8-3B9A-41AF-93B1-4AFC09231D9A}.Release|Any CPU.ActiveCfg = Release|Any CPU
		{02B440B8-3B9A-41AF-93B1-4AFC09231D9A}.Release|Any CPU.Build.0 = Release|Any CPU
		{D609D113-B8D8-4099-A60D-B8452F5212E7}.Debug|Any CPU.ActiveCfg = Debug|Any CPU
		{D609D113-B8D8-4099-A60D-B8452F5212E7}.Debug|Any CPU.Build.0 = Debug|Any CPU
		{D609D113-B8D8-4099-A60D-B8452F5212E7}.Release|Any CPU.ActiveCfg = Release|Any CPU
		{D609D113-B8D8-4099-A60D-B8452F5212E7}.Release|Any CPU.Build.0 = Release|Any CPU
		{A68F12D1-EC84-434E-A4F0-9494F1A21B75}.Debug|Any CPU.ActiveCfg = Debug|Any CPU
		{A68F12D1-EC84-434E-A4F0-9494F1A21B75}.Debug|Any CPU.Build.0 = Debug|Any CPU
		{A68F12D1-EC84-434E-A4F0-9494F1A21B75}.Release|Any CPU.ActiveCfg = Release|Any CPU
		{A68F12D1-EC84-434E-A4F0-9494F1A21B75}.Release|Any CPU.Build.0 = Release|Any CPU
		{DBB6E5A0-9334-4FD9-A646-44A47A848AB7}.Debug|Any CPU.ActiveCfg = Debug|Any CPU
		{DBB6E5A0-9334-4FD9-A646-44A47A848AB7}.Debug|Any CPU.Build.0 = Debug|Any CPU
		{DBB6E5A0-9334-4FD9-A646-44A47A848AB7}.Release|Any CPU.ActiveCfg = Release|Any CPU
		{DBB6E5A0-9334-4FD9-A646-44A47A848AB7}.Release|Any CPU.Build.0 = Release|Any CPU
	EndGlobalSection
	GlobalSection(SolutionProperties) = preSolution
		HideSolutionNode = FALSE
	EndGlobalSection
	GlobalSection(ExtensibilityGlobals) = postSolution
		SolutionGuid = {431C3002-D6AD-48D9-91B8-761BE1E4750E}
	EndGlobalSection
EndGlobal
